
Microsoft Visual Studio Solution File, Format Version 12.00
# Visual Studio Version 16
VisualStudioVersion = 16.0.30204.135
MinimumVisualStudioVersion = 10.0.40219.1
Project("{FAE04EC0-301F-11D3-BF4B-00C04F79EFBC}") = "TruYam", "TruYam.csproj", "{4FE7F73A-3281-4DDF-B538-12CE60D39552}"
EndProject
Global
	GlobalSection(SolutionConfigurationPlatforms) = preSolution
		Debug|Any CPU = Debug|Any CPU
		Release|Any CPU = Release|Any CPU
	EndGlobalSection
	GlobalSection(ProjectConfigurationPlatforms) = postSolution
		{4FE7F73A-3281-4DDF-B538-12CE60D39552}.Debug|Any CPU.ActiveCfg = Debug|Any CPU
		{4FE7F73A-3281-4DDF-B538-12CE60D39552}.Debug|Any CPU.Build.0 = Debug|Any CPU
		{4FE7F73A-3281-4DDF-B538-12CE60D39552}.Release|Any CPU.ActiveCfg = Release|Any CPU
		{4FE7F73A-3281-4DDF-B538-12CE60D39552}.Release|Any CPU.Build.0 = Release|Any CPU
	EndGlobalSection
	GlobalSection(SolutionProperties) = preSolution
		HideSolutionNode = FALSE
	EndGlobalSection
	GlobalSection(ExtensibilityGlobals) = postSolution
		SolutionGuid = {2C2669FD-5BC1-4510-A59D-6DB66A3E5786}
	EndGlobalSection
EndGlobal
